// !$*UTF8*$!
{
	archiveVersion = 1;
	classes = {
	};
	objectVersion = 50;
	objects = {

/* Begin PBXBuildFile section */
		624D4E4520F68978002C7618 /* KeyProvider.swift in Sources */ = {isa = PBXBuildFile; fileRef = 624D4E4420F68978002C7618 /* KeyProvider.swift */; };
		624D4E4720F68C7B002C7618 /* DefaultKeyProvider.swift in Sources */ = {isa = PBXBuildFile; fileRef = 624D4E4620F68C7B002C7618 /* DefaultKeyProvider.swift */; };
		624D4E4A20F6923D002C7618 /* MapViewController.swift in Sources */ = {isa = PBXBuildFile; fileRef = 624D4E4920F6923D002C7618 /* MapViewController.swift */; };
		624D4E4D20F692D8002C7618 /* MapViewModel.swift in Sources */ = {isa = PBXBuildFile; fileRef = 624D4E4C20F692D8002C7618 /* MapViewModel.swift */; };
		624D4E5220F69B03002C7618 /* MapViewModelTests.swift in Sources */ = {isa = PBXBuildFile; fileRef = 624D4E5120F69B03002C7618 /* MapViewModelTests.swift */; };
		624D4E5A20F6CD49002C7618 /* MapViewModel+CLLocationManagerDelegate.swift in Sources */ = {isa = PBXBuildFile; fileRef = 624D4E5920F6CD49002C7618 /* MapViewModel+CLLocationManagerDelegate.swift */; };
		624D4E5E20F6E20F002C7618 /* MapViewModelDelegate.swift in Sources */ = {isa = PBXBuildFile; fileRef = 624D4E5D20F6E20F002C7618 /* MapViewModelDelegate.swift */; };
		624D4E6120F6E96E002C7618 /* LocationManagerProtocol.swift in Sources */ = {isa = PBXBuildFile; fileRef = 624D4E6020F6E96E002C7618 /* LocationManagerProtocol.swift */; };
		624D4E6420F6E9A1002C7618 /* CLLocationManager+LocationManagerProtocol.swift in Sources */ = {isa = PBXBuildFile; fileRef = 624D4E6320F6E9A1002C7618 /* CLLocationManager+LocationManagerProtocol.swift */; };
		624D4E6A20F6EC92002C7618 /* MockCLLocationManager.swift in Sources */ = {isa = PBXBuildFile; fileRef = 624D4E6920F6EC92002C7618 /* MockCLLocationManager.swift */; };
		624D4E6C20F71614002C7618 /* MapViewControllerTests.swift in Sources */ = {isa = PBXBuildFile; fileRef = 624D4E6B20F71614002C7618 /* MapViewControllerTests.swift */; };
		62AB016F20F6811500FCFC82 /* AppDelegate.swift in Sources */ = {isa = PBXBuildFile; fileRef = 62AB016E20F6811500FCFC82 /* AppDelegate.swift */; };
		62AB017420F6811500FCFC82 /* Main.storyboard in Resources */ = {isa = PBXBuildFile; fileRef = 62AB017220F6811500FCFC82 /* Main.storyboard */; };
		62AB017620F6811600FCFC82 /* Assets.xcassets in Resources */ = {isa = PBXBuildFile; fileRef = 62AB017520F6811600FCFC82 /* Assets.xcassets */; };
		62AB017920F6811600FCFC82 /* LaunchScreen.storyboard in Resources */ = {isa = PBXBuildFile; fileRef = 62AB017720F6811600FCFC82 /* LaunchScreen.storyboard */; };
		62AB018F20F6811600FCFC82 /* PlaceFinderUITests.swift in Sources */ = {isa = PBXBuildFile; fileRef = 62AB018E20F6811600FCFC82 /* PlaceFinderUITests.swift */; };
		BD5A7B507A3DAB7CEBB14C72 /* Pods_PlaceFinderUITests.framework in Frameworks */ = {isa = PBXBuildFile; fileRef = 0C478D1F474DDD99372AD0A9 /* Pods_PlaceFinderUITests.framework */; };
		E08DDB8F61BC264F9D9E950D /* Pods_PlaceFinder.framework in Frameworks */ = {isa = PBXBuildFile; fileRef = 9FFDDA07A4A19A1541F200AE /* Pods_PlaceFinder.framework */; };
		E52025D096F33753930AE37D /* Pods_PlaceFinderTests.framework in Frameworks */ = {isa = PBXBuildFile; fileRef = 0C54FBAD4F94C8BC3F16334A /* Pods_PlaceFinderTests.framework */; };
/* End PBXBuildFile section */

/* Begin PBXContainerItemProxy section */
		62AB018020F6811600FCFC82 /* PBXContainerItemProxy */ = {
			isa = PBXContainerItemProxy;
			containerPortal = 62AB016320F6811500FCFC82 /* Project object */;
			proxyType = 1;
			remoteGlobalIDString = 62AB016A20F6811500FCFC82;
			remoteInfo = PlaceFinder;
		};
		62AB018B20F6811600FCFC82 /* PBXContainerItemProxy */ = {
			isa = PBXContainerItemProxy;
			containerPortal = 62AB016320F6811500FCFC82 /* Project object */;
			proxyType = 1;
			remoteGlobalIDString = 62AB016A20F6811500FCFC82;
			remoteInfo = PlaceFinder;
		};
/* End PBXContainerItemProxy section */

/* Begin PBXFileReference section */
		0C478D1F474DDD99372AD0A9 /* Pods_PlaceFinderUITests.framework */ = {isa = PBXFileReference; explicitFileType = wrapper.framework; includeInIndex = 0; path = Pods_PlaceFinderUITests.framework; sourceTree = BUILT_PRODUCTS_DIR; };
		0C54FBAD4F94C8BC3F16334A /* Pods_PlaceFinderTests.framework */ = {isa = PBXFileReference; explicitFileType = wrapper.framework; includeInIndex = 0; path = Pods_PlaceFinderTests.framework; sourceTree = BUILT_PRODUCTS_DIR; };
		2F6B2B4CBA2B42D2A11B092B /* Pods-PlaceFinder.debug.xcconfig */ = {isa = PBXFileReference; includeInIndex = 1; lastKnownFileType = text.xcconfig; name = "Pods-PlaceFinder.debug.xcconfig"; path = "Pods/Target Support Files/Pods-PlaceFinder/Pods-PlaceFinder.debug.xcconfig"; sourceTree = "<group>"; };
		5893D002662245BF051A3EAA /* Pods-PlaceFinderUITests.debug.xcconfig */ = {isa = PBXFileReference; includeInIndex = 1; lastKnownFileType = text.xcconfig; name = "Pods-PlaceFinderUITests.debug.xcconfig"; path = "Pods/Target Support Files/Pods-PlaceFinderUITests/Pods-PlaceFinderUITests.debug.xcconfig"; sourceTree = "<group>"; };
		624D4E4420F68978002C7618 /* KeyProvider.swift */ = {isa = PBXFileReference; lastKnownFileType = sourcecode.swift; path = KeyProvider.swift; sourceTree = "<group>"; };
		624D4E4620F68C7B002C7618 /* DefaultKeyProvider.swift */ = {isa = PBXFileReference; lastKnownFileType = sourcecode.swift; path = DefaultKeyProvider.swift; sourceTree = "<group>"; };
		624D4E4920F6923D002C7618 /* MapViewController.swift */ = {isa = PBXFileReference; lastKnownFileType = sourcecode.swift; path = MapViewController.swift; sourceTree = "<group>"; };
		624D4E4C20F692D8002C7618 /* MapViewModel.swift */ = {isa = PBXFileReference; lastKnownFileType = sourcecode.swift; path = MapViewModel.swift; sourceTree = "<group>"; };
		624D4E5120F69B03002C7618 /* MapViewModelTests.swift */ = {isa = PBXFileReference; lastKnownFileType = sourcecode.swift; path = MapViewModelTests.swift; sourceTree = "<group>"; };
		624D4E5920F6CD49002C7618 /* MapViewModel+CLLocationManagerDelegate.swift */ = {isa = PBXFileReference; lastKnownFileType = sourcecode.swift; path = "MapViewModel+CLLocationManagerDelegate.swift"; sourceTree = "<group>"; };
		624D4E5D20F6E20F002C7618 /* MapViewModelDelegate.swift */ = {isa = PBXFileReference; lastKnownFileType = sourcecode.swift; path = MapViewModelDelegate.swift; sourceTree = "<group>"; };
		624D4E6020F6E96E002C7618 /* LocationManagerProtocol.swift */ = {isa = PBXFileReference; lastKnownFileType = sourcecode.swift; path = LocationManagerProtocol.swift; sourceTree = "<group>"; };
		624D4E6320F6E9A1002C7618 /* CLLocationManager+LocationManagerProtocol.swift */ = {isa = PBXFileReference; lastKnownFileType = sourcecode.swift; path = "CLLocationManager+LocationManagerProtocol.swift"; sourceTree = "<group>"; };
		624D4E6920F6EC92002C7618 /* MockCLLocationManager.swift */ = {isa = PBXFileReference; lastKnownFileType = sourcecode.swift; path = MockCLLocationManager.swift; sourceTree = "<group>"; };
		624D4E6B20F71614002C7618 /* MapViewControllerTests.swift */ = {isa = PBXFileReference; lastKnownFileType = sourcecode.swift; path = MapViewControllerTests.swift; sourceTree = "<group>"; };
		62AB016B20F6811500FCFC82 /* PlaceFinder.app */ = {isa = PBXFileReference; explicitFileType = wrapper.application; includeInIndex = 0; path = PlaceFinder.app; sourceTree = BUILT_PRODUCTS_DIR; };
		62AB016E20F6811500FCFC82 /* AppDelegate.swift */ = {isa = PBXFileReference; lastKnownFileType = sourcecode.swift; path = AppDelegate.swift; sourceTree = "<group>"; };
		62AB017320F6811500FCFC82 /* Base */ = {isa = PBXFileReference; lastKnownFileType = file.storyboard; name = Base; path = Base.lproj/Main.storyboard; sourceTree = "<group>"; };
		62AB017520F6811600FCFC82 /* Assets.xcassets */ = {isa = PBXFileReference; lastKnownFileType = folder.assetcatalog; path = Assets.xcassets; sourceTree = "<group>"; };
		62AB017820F6811600FCFC82 /* Base */ = {isa = PBXFileReference; lastKnownFileType = file.storyboard; name = Base; path = Base.lproj/LaunchScreen.storyboard; sourceTree = "<group>"; };
		62AB017A20F6811600FCFC82 /* Info.plist */ = {isa = PBXFileReference; lastKnownFileType = text.plist.xml; path = Info.plist; sourceTree = "<group>"; };
		62AB017F20F6811600FCFC82 /* PlaceFinderTests.xctest */ = {isa = PBXFileReference; explicitFileType = wrapper.cfbundle; includeInIndex = 0; path = PlaceFinderTests.xctest; sourceTree = BUILT_PRODUCTS_DIR; };
		62AB018520F6811600FCFC82 /* Info.plist */ = {isa = PBXFileReference; lastKnownFileType = text.plist.xml; path = Info.plist; sourceTree = "<group>"; };
		62AB018A20F6811600FCFC82 /* PlaceFinderUITests.xctest */ = {isa = PBXFileReference; explicitFileType = wrapper.cfbundle; includeInIndex = 0; path = PlaceFinderUITests.xctest; sourceTree = BUILT_PRODUCTS_DIR; };
		62AB018E20F6811600FCFC82 /* PlaceFinderUITests.swift */ = {isa = PBXFileReference; lastKnownFileType = sourcecode.swift; path = PlaceFinderUITests.swift; sourceTree = "<group>"; };
		62AB019020F6811600FCFC82 /* Info.plist */ = {isa = PBXFileReference; lastKnownFileType = text.plist.xml; path = Info.plist; sourceTree = "<group>"; };
		6E586855CE1517C49BCA9EF4 /* Pods-PlaceFinderTests.debug.xcconfig */ = {isa = PBXFileReference; includeInIndex = 1; lastKnownFileType = text.xcconfig; name = "Pods-PlaceFinderTests.debug.xcconfig"; path = "Pods/Target Support Files/Pods-PlaceFinderTests/Pods-PlaceFinderTests.debug.xcconfig"; sourceTree = "<group>"; };
		98339FAAF26257A29BD99977 /* Pods-PlaceFinderTests.release.xcconfig */ = {isa = PBXFileReference; includeInIndex = 1; lastKnownFileType = text.xcconfig; name = "Pods-PlaceFinderTests.release.xcconfig"; path = "Pods/Target Support Files/Pods-PlaceFinderTests/Pods-PlaceFinderTests.release.xcconfig"; sourceTree = "<group>"; };
		9FFDDA07A4A19A1541F200AE /* Pods_PlaceFinder.framework */ = {isa = PBXFileReference; explicitFileType = wrapper.framework; includeInIndex = 0; path = Pods_PlaceFinder.framework; sourceTree = BUILT_PRODUCTS_DIR; };
		B6A98A0D2EE0D8610962F6D0 /* Pods-PlaceFinder.release.xcconfig */ = {isa = PBXFileReference; includeInIndex = 1; lastKnownFileType = text.xcconfig; name = "Pods-PlaceFinder.release.xcconfig"; path = "Pods/Target Support Files/Pods-PlaceFinder/Pods-PlaceFinder.release.xcconfig"; sourceTree = "<group>"; };
		CB6FE7165F7209CE94A1556A /* Pods-PlaceFinderUITests.release.xcconfig */ = {isa = PBXFileReference; includeInIndex = 1; lastKnownFileType = text.xcconfig; name = "Pods-PlaceFinderUITests.release.xcconfig"; path = "Pods/Target Support Files/Pods-PlaceFinderUITests/Pods-PlaceFinderUITests.release.xcconfig"; sourceTree = "<group>"; };
/* End PBXFileReference section */

/* Begin PBXFrameworksBuildPhase section */
		62AB016820F6811500FCFC82 /* Frameworks */ = {
			isa = PBXFrameworksBuildPhase;
			buildActionMask = 2147483647;
			files = (
				E08DDB8F61BC264F9D9E950D /* Pods_PlaceFinder.framework in Frameworks */,
			);
			runOnlyForDeploymentPostprocessing = 0;
		};
		62AB017C20F6811600FCFC82 /* Frameworks */ = {
			isa = PBXFrameworksBuildPhase;
			buildActionMask = 2147483647;
			files = (
				E52025D096F33753930AE37D /* Pods_PlaceFinderTests.framework in Frameworks */,
			);
			runOnlyForDeploymentPostprocessing = 0;
		};
		62AB018720F6811600FCFC82 /* Frameworks */ = {
			isa = PBXFrameworksBuildPhase;
			buildActionMask = 2147483647;
			files = (
				BD5A7B507A3DAB7CEBB14C72 /* Pods_PlaceFinderUITests.framework in Frameworks */,
			);
			runOnlyForDeploymentPostprocessing = 0;
		};
/* End PBXFrameworksBuildPhase section */

/* Begin PBXGroup section */
		624D4E4320F68961002C7618 /* Base */ = {
			isa = PBXGroup;
			children = (
				624D4E6220F6E98C002C7618 /* Extensions */,
				624D4E5F20F6E95B002C7618 /* Protocol */,
				624D4E4420F68978002C7618 /* KeyProvider.swift */,
				624D4E4620F68C7B002C7618 /* DefaultKeyProvider.swift */,
			);
			path = Base;
			sourceTree = "<group>";
		};
		624D4E4820F69227002C7618 /* Controllers */ = {
			isa = PBXGroup;
			children = (
				624D4E4920F6923D002C7618 /* MapViewController.swift */,
			);
			path = Controllers;
			sourceTree = "<group>";
		};
		624D4E4B20F692BC002C7618 /* ViewModels */ = {
			isa = PBXGroup;
			children = (
				624D4E5820F6CD2B002C7618 /* MapViewModel */,
			);
			path = ViewModels;
			sourceTree = "<group>";
		};
		624D4E5820F6CD2B002C7618 /* MapViewModel */ = {
			isa = PBXGroup;
			children = (
				624D4E4C20F692D8002C7618 /* MapViewModel.swift */,
				624D4E5920F6CD49002C7618 /* MapViewModel+CLLocationManagerDelegate.swift */,
				624D4E5D20F6E20F002C7618 /* MapViewModelDelegate.swift */,
			);
			path = MapViewModel;
			sourceTree = "<group>";
		};
		624D4E5F20F6E95B002C7618 /* Protocol */ = {
			isa = PBXGroup;
			children = (
				624D4E6020F6E96E002C7618 /* LocationManagerProtocol.swift */,
			);
			path = Protocol;
			sourceTree = "<group>";
		};
		624D4E6220F6E98C002C7618 /* Extensions */ = {
			isa = PBXGroup;
			children = (
				624D4E6320F6E9A1002C7618 /* CLLocationManager+LocationManagerProtocol.swift */,
			);
			path = Extensions;
			sourceTree = "<group>";
		};
		624D4E6820F6EC85002C7618 /* Mocks */ = {
			isa = PBXGroup;
			children = (
				624D4E6920F6EC92002C7618 /* MockCLLocationManager.swift */,
			);
			path = Mocks;
			sourceTree = "<group>";
		};
		62AB016220F6811500FCFC82 = {
			isa = PBXGroup;
			children = (
				62AB016D20F6811500FCFC82 /* PlaceFinder */,
				62AB018220F6811600FCFC82 /* PlaceFinderTests */,
				62AB018D20F6811600FCFC82 /* PlaceFinderUITests */,
				62AB016C20F6811500FCFC82 /* Products */,
				AB8CFBB63CB3C3F979793433 /* Pods */,
				E4357174EBA3217E974C449D /* Frameworks */,
			);
			sourceTree = "<group>";
		};
		62AB016C20F6811500FCFC82 /* Products */ = {
			isa = PBXGroup;
			children = (
				62AB016B20F6811500FCFC82 /* PlaceFinder.app */,
				62AB017F20F6811600FCFC82 /* PlaceFinderTests.xctest */,
				62AB018A20F6811600FCFC82 /* PlaceFinderUITests.xctest */,
			);
			name = Products;
			sourceTree = "<group>";
		};
		62AB016D20F6811500FCFC82 /* PlaceFinder */ = {
			isa = PBXGroup;
			children = (
				624D4E4B20F692BC002C7618 /* ViewModels */,
				624D4E4820F69227002C7618 /* Controllers */,
				624D4E4320F68961002C7618 /* Base */,
				62AB016E20F6811500FCFC82 /* AppDelegate.swift */,
				62AB017220F6811500FCFC82 /* Main.storyboard */,
				62AB017520F6811600FCFC82 /* Assets.xcassets */,
				62AB017720F6811600FCFC82 /* LaunchScreen.storyboard */,
				62AB017A20F6811600FCFC82 /* Info.plist */,
			);
			path = PlaceFinder;
			sourceTree = "<group>";
		};
		62AB018220F6811600FCFC82 /* PlaceFinderTests */ = {
			isa = PBXGroup;
			children = (
				624D4E6820F6EC85002C7618 /* Mocks */,
				62AB018520F6811600FCFC82 /* Info.plist */,
				624D4E5120F69B03002C7618 /* MapViewModelTests.swift */,
				624D4E6B20F71614002C7618 /* MapViewControllerTests.swift */,
			);
			path = PlaceFinderTests;
			sourceTree = "<group>";
		};
		62AB018D20F6811600FCFC82 /* PlaceFinderUITests */ = {
			isa = PBXGroup;
			children = (
				62AB018E20F6811600FCFC82 /* PlaceFinderUITests.swift */,
				62AB019020F6811600FCFC82 /* Info.plist */,
			);
			path = PlaceFinderUITests;
			sourceTree = "<group>";
		};
		AB8CFBB63CB3C3F979793433 /* Pods */ = {
			isa = PBXGroup;
			children = (
				2F6B2B4CBA2B42D2A11B092B /* Pods-PlaceFinder.debug.xcconfig */,
				B6A98A0D2EE0D8610962F6D0 /* Pods-PlaceFinder.release.xcconfig */,
				6E586855CE1517C49BCA9EF4 /* Pods-PlaceFinderTests.debug.xcconfig */,
				98339FAAF26257A29BD99977 /* Pods-PlaceFinderTests.release.xcconfig */,
				5893D002662245BF051A3EAA /* Pods-PlaceFinderUITests.debug.xcconfig */,
				CB6FE7165F7209CE94A1556A /* Pods-PlaceFinderUITests.release.xcconfig */,
			);
			name = Pods;
			sourceTree = "<group>";
		};
		E4357174EBA3217E974C449D /* Frameworks */ = {
			isa = PBXGroup;
			children = (
				9FFDDA07A4A19A1541F200AE /* Pods_PlaceFinder.framework */,
				0C54FBAD4F94C8BC3F16334A /* Pods_PlaceFinderTests.framework */,
				0C478D1F474DDD99372AD0A9 /* Pods_PlaceFinderUITests.framework */,
			);
			name = Frameworks;
			sourceTree = "<group>";
		};
/* End PBXGroup section */

/* Begin PBXNativeTarget section */
		62AB016A20F6811500FCFC82 /* PlaceFinder */ = {
			isa = PBXNativeTarget;
			buildConfigurationList = 62AB019320F6811600FCFC82 /* Build configuration list for PBXNativeTarget "PlaceFinder" */;
			buildPhases = (
				2CCCF9EE68F8E6E601BA60C1 /* [CP] Check Pods Manifest.lock */,
				62AB016720F6811500FCFC82 /* Sources */,
				62AB016820F6811500FCFC82 /* Frameworks */,
				62AB016920F6811500FCFC82 /* Resources */,
				A05A602FEB3EF0C96591D575 /* [CP] Copy Pods Resources */,
				00B551CB7CCF1CB507EA4FD1 /* [CP] Embed Pods Frameworks */,
			);
			buildRules = (
			);
			dependencies = (
			);
			name = PlaceFinder;
			productName = PlaceFinder;
			productReference = 62AB016B20F6811500FCFC82 /* PlaceFinder.app */;
			productType = "com.apple.product-type.application";
		};
		62AB017E20F6811600FCFC82 /* PlaceFinderTests */ = {
			isa = PBXNativeTarget;
			buildConfigurationList = 62AB019620F6811600FCFC82 /* Build configuration list for PBXNativeTarget "PlaceFinderTests" */;
			buildPhases = (
				F8AA97F455BB415FC5ED9868 /* [CP] Check Pods Manifest.lock */,
				62AB017B20F6811600FCFC82 /* Sources */,
				62AB017C20F6811600FCFC82 /* Frameworks */,
				62AB017D20F6811600FCFC82 /* Resources */,
			);
			buildRules = (
			);
			dependencies = (
				62AB018120F6811600FCFC82 /* PBXTargetDependency */,
			);
			name = PlaceFinderTests;
			productName = PlaceFinderTests;
			productReference = 62AB017F20F6811600FCFC82 /* PlaceFinderTests.xctest */;
			productType = "com.apple.product-type.bundle.unit-test";
		};
		62AB018920F6811600FCFC82 /* PlaceFinderUITests */ = {
			isa = PBXNativeTarget;
			buildConfigurationList = 62AB019920F6811600FCFC82 /* Build configuration list for PBXNativeTarget "PlaceFinderUITests" */;
			buildPhases = (
				9781CCC43EC17EA2C05D36A1 /* [CP] Check Pods Manifest.lock */,
				62AB018620F6811600FCFC82 /* Sources */,
				62AB018720F6811600FCFC82 /* Frameworks */,
				62AB018820F6811600FCFC82 /* Resources */,
			);
			buildRules = (
			);
			dependencies = (
				62AB018C20F6811600FCFC82 /* PBXTargetDependency */,
			);
			name = PlaceFinderUITests;
			productName = PlaceFinderUITests;
			productReference = 62AB018A20F6811600FCFC82 /* PlaceFinderUITests.xctest */;
			productType = "com.apple.product-type.bundle.ui-testing";
		};
/* End PBXNativeTarget section */

/* Begin PBXProject section */
		62AB016320F6811500FCFC82 /* Project object */ = {
			isa = PBXProject;
			attributes = {
				LastSwiftUpdateCheck = 0940;
				LastUpgradeCheck = 0940;
				ORGANIZATIONNAME = "Murilo da Paixão";
				TargetAttributes = {
					62AB016A20F6811500FCFC82 = {
						CreatedOnToolsVersion = 9.4;
					};
					62AB017E20F6811600FCFC82 = {
						CreatedOnToolsVersion = 9.4;
						TestTargetID = 62AB016A20F6811500FCFC82;
					};
					62AB018920F6811600FCFC82 = {
						CreatedOnToolsVersion = 9.4;
						TestTargetID = 62AB016A20F6811500FCFC82;
					};
				};
			};
			buildConfigurationList = 62AB016620F6811500FCFC82 /* Build configuration list for PBXProject "PlaceFinder" */;
			compatibilityVersion = "Xcode 9.3";
			developmentRegion = en;
			hasScannedForEncodings = 0;
			knownRegions = (
				en,
				Base,
			);
			mainGroup = 62AB016220F6811500FCFC82;
			productRefGroup = 62AB016C20F6811500FCFC82 /* Products */;
			projectDirPath = "";
			projectRoot = "";
			targets = (
				62AB016A20F6811500FCFC82 /* PlaceFinder */,
				62AB017E20F6811600FCFC82 /* PlaceFinderTests */,
				62AB018920F6811600FCFC82 /* PlaceFinderUITests */,
			);
		};
/* End PBXProject section */

/* Begin PBXResourcesBuildPhase section */
		62AB016920F6811500FCFC82 /* Resources */ = {
			isa = PBXResourcesBuildPhase;
			buildActionMask = 2147483647;
			files = (
				62AB017920F6811600FCFC82 /* LaunchScreen.storyboard in Resources */,
				62AB017620F6811600FCFC82 /* Assets.xcassets in Resources */,
				62AB017420F6811500FCFC82 /* Main.storyboard in Resources */,
			);
			runOnlyForDeploymentPostprocessing = 0;
		};
		62AB017D20F6811600FCFC82 /* Resources */ = {
			isa = PBXResourcesBuildPhase;
			buildActionMask = 2147483647;
			files = (
			);
			runOnlyForDeploymentPostprocessing = 0;
		};
		62AB018820F6811600FCFC82 /* Resources */ = {
			isa = PBXResourcesBuildPhase;
			buildActionMask = 2147483647;
			files = (
			);
			runOnlyForDeploymentPostprocessing = 0;
		};
/* End PBXResourcesBuildPhase section */

/* Begin PBXShellScriptBuildPhase section */
		00B551CB7CCF1CB507EA4FD1 /* [CP] Embed Pods Frameworks */ = {
			isa = PBXShellScriptBuildPhase;
			buildActionMask = 2147483647;
			files = (
			);
			inputPaths = (
				"${SRCROOT}/Pods/Target Support Files/Pods-PlaceFinder/Pods-PlaceFinder-frameworks.sh",
				"${BUILT_PRODUCTS_DIR}/Alamofire/Alamofire.framework",
				"${BUILT_PRODUCTS_DIR}/Moya/Moya.framework",
				"${BUILT_PRODUCTS_DIR}/Result/Result.framework",
			);
			name = "[CP] Embed Pods Frameworks";
			outputPaths = (
				"${TARGET_BUILD_DIR}/${FRAMEWORKS_FOLDER_PATH}/Alamofire.framework",
				"${TARGET_BUILD_DIR}/${FRAMEWORKS_FOLDER_PATH}/Moya.framework",
				"${TARGET_BUILD_DIR}/${FRAMEWORKS_FOLDER_PATH}/Result.framework",
			);
			runOnlyForDeploymentPostprocessing = 0;
			shellPath = /bin/sh;
			shellScript = "\"${SRCROOT}/Pods/Target Support Files/Pods-PlaceFinder/Pods-PlaceFinder-frameworks.sh\"\n";
			showEnvVarsInLog = 0;
		};
		2CCCF9EE68F8E6E601BA60C1 /* [CP] Check Pods Manifest.lock */ = {
			isa = PBXShellScriptBuildPhase;
			buildActionMask = 2147483647;
			files = (
			);
			inputPaths = (
				"${PODS_PODFILE_DIR_PATH}/Podfile.lock",
				"${PODS_ROOT}/Manifest.lock",
			);
			name = "[CP] Check Pods Manifest.lock";
			outputPaths = (
				"$(DERIVED_FILE_DIR)/Pods-PlaceFinder-checkManifestLockResult.txt",
			);
			runOnlyForDeploymentPostprocessing = 0;
			shellPath = /bin/sh;
			shellScript = "diff \"${PODS_PODFILE_DIR_PATH}/Podfile.lock\" \"${PODS_ROOT}/Manifest.lock\" > /dev/null\nif [ $? != 0 ] ; then\n    # print error to STDERR\n    echo \"error: The sandbox is not in sync with the Podfile.lock. Run 'pod install' or update your CocoaPods installation.\" >&2\n    exit 1\nfi\n# This output is used by Xcode 'outputs' to avoid re-running this script phase.\necho \"SUCCESS\" > \"${SCRIPT_OUTPUT_FILE_0}\"\n";
			showEnvVarsInLog = 0;
		};
		9781CCC43EC17EA2C05D36A1 /* [CP] Check Pods Manifest.lock */ = {
			isa = PBXShellScriptBuildPhase;
			buildActionMask = 2147483647;
			files = (
			);
			inputPaths = (
				"${PODS_PODFILE_DIR_PATH}/Podfile.lock",
				"${PODS_ROOT}/Manifest.lock",
			);
			name = "[CP] Check Pods Manifest.lock";
			outputPaths = (
				"$(DERIVED_FILE_DIR)/Pods-PlaceFinderUITests-checkManifestLockResult.txt",
			);
			runOnlyForDeploymentPostprocessing = 0;
			shellPath = /bin/sh;
			shellScript = "diff \"${PODS_PODFILE_DIR_PATH}/Podfile.lock\" \"${PODS_ROOT}/Manifest.lock\" > /dev/null\nif [ $? != 0 ] ; then\n    # print error to STDERR\n    echo \"error: The sandbox is not in sync with the Podfile.lock. Run 'pod install' or update your CocoaPods installation.\" >&2\n    exit 1\nfi\n# This output is used by Xcode 'outputs' to avoid re-running this script phase.\necho \"SUCCESS\" > \"${SCRIPT_OUTPUT_FILE_0}\"\n";
			showEnvVarsInLog = 0;
		};
		A05A602FEB3EF0C96591D575 /* [CP] Copy Pods Resources */ = {
			isa = PBXShellScriptBuildPhase;
			buildActionMask = 2147483647;
			files = (
			);
			inputPaths = (
				"${SRCROOT}/Pods/Target Support Files/Pods-PlaceFinder/Pods-PlaceFinder-resources.sh",
				"${PODS_ROOT}/GoogleMaps/Maps/Frameworks/GoogleMaps.framework/Resources/GoogleMaps.bundle",
			);
			name = "[CP] Copy Pods Resources";
			outputPaths = (
				"${TARGET_BUILD_DIR}/${UNLOCALIZED_RESOURCES_FOLDER_PATH}/GoogleMaps.bundle",
			);
			runOnlyForDeploymentPostprocessing = 0;
			shellPath = /bin/sh;
			shellScript = "\"${SRCROOT}/Pods/Target Support Files/Pods-PlaceFinder/Pods-PlaceFinder-resources.sh\"\n";
			showEnvVarsInLog = 0;
		};
		F8AA97F455BB415FC5ED9868 /* [CP] Check Pods Manifest.lock */ = {
			isa = PBXShellScriptBuildPhase;
			buildActionMask = 2147483647;
			files = (
			);
			inputPaths = (
				"${PODS_PODFILE_DIR_PATH}/Podfile.lock",
				"${PODS_ROOT}/Manifest.lock",
			);
			name = "[CP] Check Pods Manifest.lock";
			outputPaths = (
				"$(DERIVED_FILE_DIR)/Pods-PlaceFinderTests-checkManifestLockResult.txt",
			);
			runOnlyForDeploymentPostprocessing = 0;
			shellPath = /bin/sh;
			shellScript = "diff \"${PODS_PODFILE_DIR_PATH}/Podfile.lock\" \"${PODS_ROOT}/Manifest.lock\" > /dev/null\nif [ $? != 0 ] ; then\n    # print error to STDERR\n    echo \"error: The sandbox is not in sync with the Podfile.lock. Run 'pod install' or update your CocoaPods installation.\" >&2\n    exit 1\nfi\n# This output is used by Xcode 'outputs' to avoid re-running this script phase.\necho \"SUCCESS\" > \"${SCRIPT_OUTPUT_FILE_0}\"\n";
			showEnvVarsInLog = 0;
		};
/* End PBXShellScriptBuildPhase section */

/* Begin PBXSourcesBuildPhase section */
		62AB016720F6811500FCFC82 /* Sources */ = {
			isa = PBXSourcesBuildPhase;
			buildActionMask = 2147483647;
			files = (
				624D4E4520F68978002C7618 /* KeyProvider.swift in Sources */,
				624D4E6420F6E9A1002C7618 /* CLLocationManager+LocationManagerProtocol.swift in Sources */,
				624D4E4D20F692D8002C7618 /* MapViewModel.swift in Sources */,
				624D4E5E20F6E20F002C7618 /* MapViewModelDelegate.swift in Sources */,
				62AB016F20F6811500FCFC82 /* AppDelegate.swift in Sources */,
				624D4E4720F68C7B002C7618 /* DefaultKeyProvider.swift in Sources */,
				624D4E5A20F6CD49002C7618 /* MapViewModel+CLLocationManagerDelegate.swift in Sources */,
				624D4E6120F6E96E002C7618 /* LocationManagerProtocol.swift in Sources */,
				624D4E4A20F6923D002C7618 /* MapViewController.swift in Sources */,
			);
			runOnlyForDeploymentPostprocessing = 0;
		};
		62AB017B20F6811600FCFC82 /* Sources */ = {
			isa = PBXSourcesBuildPhase;
			buildActionMask = 2147483647;
			files = (
				624D4E6C20F71614002C7618 /* MapViewControllerTests.swift in Sources */,
				624D4E5220F69B03002C7618 /* MapViewModelTests.swift in Sources */,
				624D4E6A20F6EC92002C7618 /* MockCLLocationManager.swift in Sources */,
			);
			runOnlyForDeploymentPostprocessing = 0;
		};
		62AB018620F6811600FCFC82 /* Sources */ = {
			isa = PBXSourcesBuildPhase;
			buildActionMask = 2147483647;
			files = (
				62AB018F20F6811600FCFC82 /* PlaceFinderUITests.swift in Sources */,
			);
			runOnlyForDeploymentPostprocessing = 0;
		};
/* End PBXSourcesBuildPhase section */

/* Begin PBXTargetDependency section */
		62AB018120F6811600FCFC82 /* PBXTargetDependency */ = {
			isa = PBXTargetDependency;
			target = 62AB016A20F6811500FCFC82 /* PlaceFinder */;
			targetProxy = 62AB018020F6811600FCFC82 /* PBXContainerItemProxy */;
		};
		62AB018C20F6811600FCFC82 /* PBXTargetDependency */ = {
			isa = PBXTargetDependency;
			target = 62AB016A20F6811500FCFC82 /* PlaceFinder */;
			targetProxy = 62AB018B20F6811600FCFC82 /* PBXContainerItemProxy */;
		};
/* End PBXTargetDependency section */

/* Begin PBXVariantGroup section */
		62AB017220F6811500FCFC82 /* Main.storyboard */ = {
			isa = PBXVariantGroup;
			children = (
				62AB017320F6811500FCFC82 /* Base */,
			);
			name = Main.storyboard;
			sourceTree = "<group>";
		};
		62AB017720F6811600FCFC82 /* LaunchScreen.storyboard */ = {
			isa = PBXVariantGroup;
			children = (
				62AB017820F6811600FCFC82 /* Base */,
			);
			name = LaunchScreen.storyboard;
			sourceTree = "<group>";
		};
/* End PBXVariantGroup section */

/* Begin XCBuildConfiguration section */
		62AB019120F6811600FCFC82 /* Debug */ = {
			isa = XCBuildConfiguration;
			buildSettings = {
				ALWAYS_SEARCH_USER_PATHS = NO;
				CLANG_ANALYZER_NONNULL = YES;
				CLANG_ANALYZER_NUMBER_OBJECT_CONVERSION = YES_AGGRESSIVE;
				CLANG_CXX_LANGUAGE_STANDARD = "gnu++14";
				CLANG_CXX_LIBRARY = "libc++";
				CLANG_ENABLE_MODULES = YES;
				CLANG_ENABLE_OBJC_ARC = YES;
				CLANG_ENABLE_OBJC_WEAK = YES;
				CLANG_WARN_BLOCK_CAPTURE_AUTORELEASING = YES;
				CLANG_WARN_BOOL_CONVERSION = YES;
				CLANG_WARN_COMMA = YES;
				CLANG_WARN_CONSTANT_CONVERSION = YES;
				CLANG_WARN_DEPRECATED_OBJC_IMPLEMENTATIONS = YES;
				CLANG_WARN_DIRECT_OBJC_ISA_USAGE = YES_ERROR;
				CLANG_WARN_DOCUMENTATION_COMMENTS = YES;
				CLANG_WARN_EMPTY_BODY = YES;
				CLANG_WARN_ENUM_CONVERSION = YES;
				CLANG_WARN_INFINITE_RECURSION = YES;
				CLANG_WARN_INT_CONVERSION = YES;
				CLANG_WARN_NON_LITERAL_NULL_CONVERSION = YES;
				CLANG_WARN_OBJC_IMPLICIT_RETAIN_SELF = YES;
				CLANG_WARN_OBJC_LITERAL_CONVERSION = YES;
				CLANG_WARN_OBJC_ROOT_CLASS = YES_ERROR;
				CLANG_WARN_RANGE_LOOP_ANALYSIS = YES;
				CLANG_WARN_STRICT_PROTOTYPES = YES;
				CLANG_WARN_SUSPICIOUS_MOVE = YES;
				CLANG_WARN_UNGUARDED_AVAILABILITY = YES_AGGRESSIVE;
				CLANG_WARN_UNREACHABLE_CODE = YES;
				CLANG_WARN__DUPLICATE_METHOD_MATCH = YES;
				CODE_SIGN_IDENTITY = "iPhone Developer";
				COPY_PHASE_STRIP = NO;
				DEBUG_INFORMATION_FORMAT = dwarf;
				ENABLE_STRICT_OBJC_MSGSEND = YES;
				ENABLE_TESTABILITY = YES;
				GCC_C_LANGUAGE_STANDARD = gnu11;
				GCC_DYNAMIC_NO_PIC = NO;
				GCC_NO_COMMON_BLOCKS = YES;
				GCC_OPTIMIZATION_LEVEL = 0;
				GCC_PREPROCESSOR_DEFINITIONS = (
					"DEBUG=1",
					"$(inherited)",
				);
				GCC_WARN_64_TO_32_BIT_CONVERSION = YES;
				GCC_WARN_ABOUT_RETURN_TYPE = YES_ERROR;
				GCC_WARN_UNDECLARED_SELECTOR = YES;
				GCC_WARN_UNINITIALIZED_AUTOS = YES_AGGRESSIVE;
				GCC_WARN_UNUSED_FUNCTION = YES;
				GCC_WARN_UNUSED_VARIABLE = YES;
				IPHONEOS_DEPLOYMENT_TARGET = 11.4;
				MTL_ENABLE_DEBUG_INFO = YES;
				ONLY_ACTIVE_ARCH = YES;
				SDKROOT = iphoneos;
				SWIFT_ACTIVE_COMPILATION_CONDITIONS = DEBUG;
				SWIFT_OPTIMIZATION_LEVEL = "-Onone";
			};
			name = Debug;
		};
		62AB019220F6811600FCFC82 /* Release */ = {
			isa = XCBuildConfiguration;
			buildSettings = {
				ALWAYS_SEARCH_USER_PATHS = NO;
				CLANG_ANALYZER_NONNULL = YES;
				CLANG_ANALYZER_NUMBER_OBJECT_CONVERSION = YES_AGGRESSIVE;
				CLANG_CXX_LANGUAGE_STANDARD = "gnu++14";
				CLANG_CXX_LIBRARY = "libc++";
				CLANG_ENABLE_MODULES = YES;
				CLANG_ENABLE_OBJC_ARC = YES;
				CLANG_ENABLE_OBJC_WEAK = YES;
				CLANG_WARN_BLOCK_CAPTURE_AUTORELEASING = YES;
				CLANG_WARN_BOOL_CONVERSION = YES;
				CLANG_WARN_COMMA = YES;
				CLANG_WARN_CONSTANT_CONVERSION = YES;
				CLANG_WARN_DEPRECATED_OBJC_IMPLEMENTATIONS = YES;
				CLANG_WARN_DIRECT_OBJC_ISA_USAGE = YES_ERROR;
				CLANG_WARN_DOCUMENTATION_COMMENTS = YES;
				CLANG_WARN_EMPTY_BODY = YES;
				CLANG_WARN_ENUM_CONVERSION = YES;
				CLANG_WARN_INFINITE_RECURSION = YES;
				CLANG_WARN_INT_CONVERSION = YES;
				CLANG_WARN_NON_LITERAL_NULL_CONVERSION = YES;
				CLANG_WARN_OBJC_IMPLICIT_RETAIN_SELF = YES;
				CLANG_WARN_OBJC_LITERAL_CONVERSION = YES;
				CLANG_WARN_OBJC_ROOT_CLASS = YES_ERROR;
				CLANG_WARN_RANGE_LOOP_ANALYSIS = YES;
				CLANG_WARN_STRICT_PROTOTYPES = YES;
				CLANG_WARN_SUSPICIOUS_MOVE = YES;
				CLANG_WARN_UNGUARDED_AVAILABILITY = YES_AGGRESSIVE;
				CLANG_WARN_UNREACHABLE_CODE = YES;
				CLANG_WARN__DUPLICATE_METHOD_MATCH = YES;
				CODE_SIGN_IDENTITY = "iPhone Developer";
				COPY_PHASE_STRIP = NO;
				DEBUG_INFORMATION_FORMAT = "dwarf-with-dsym";
				ENABLE_NS_ASSERTIONS = NO;
				ENABLE_STRICT_OBJC_MSGSEND = YES;
				GCC_C_LANGUAGE_STANDARD = gnu11;
				GCC_NO_COMMON_BLOCKS = YES;
				GCC_WARN_64_TO_32_BIT_CONVERSION = YES;
				GCC_WARN_ABOUT_RETURN_TYPE = YES_ERROR;
				GCC_WARN_UNDECLARED_SELECTOR = YES;
				GCC_WARN_UNINITIALIZED_AUTOS = YES_AGGRESSIVE;
				GCC_WARN_UNUSED_FUNCTION = YES;
				GCC_WARN_UNUSED_VARIABLE = YES;
				IPHONEOS_DEPLOYMENT_TARGET = 11.4;
				MTL_ENABLE_DEBUG_INFO = NO;
				SDKROOT = iphoneos;
				SWIFT_COMPILATION_MODE = wholemodule;
				SWIFT_OPTIMIZATION_LEVEL = "-O";
				VALIDATE_PRODUCT = YES;
			};
			name = Release;
		};
		62AB019420F6811600FCFC82 /* Debug */ = {
			isa = XCBuildConfiguration;
			baseConfigurationReference = 2F6B2B4CBA2B42D2A11B092B /* Pods-PlaceFinder.debug.xcconfig */;
			buildSettings = {
				ASSETCATALOG_COMPILER_APPICON_NAME = AppIcon;
				CODE_SIGN_STYLE = Automatic;
				DEVELOPMENT_TEAM = 423Q26AEEM;
				INFOPLIST_FILE = PlaceFinder/Info.plist;
				LD_RUNPATH_SEARCH_PATHS = (
					"$(inherited)",
					"@executable_path/Frameworks",
				);
				PRODUCT_BUNDLE_IDENTIFIER = com.murilo.PlaceFinder;
				PRODUCT_NAME = "$(TARGET_NAME)";
				SWIFT_VERSION = 4.0;
				TARGETED_DEVICE_FAMILY = "1,2";
			};
			name = Debug;
		};
		62AB019520F6811600FCFC82 /* Release */ = {
			isa = XCBuildConfiguration;
			baseConfigurationReference = B6A98A0D2EE0D8610962F6D0 /* Pods-PlaceFinder.release.xcconfig */;
			buildSettings = {
				ASSETCATALOG_COMPILER_APPICON_NAME = AppIcon;
				CODE_SIGN_STYLE = Automatic;
				DEVELOPMENT_TEAM = 423Q26AEEM;
				INFOPLIST_FILE = PlaceFinder/Info.plist;
				LD_RUNPATH_SEARCH_PATHS = (
					"$(inherited)",
					"@executable_path/Frameworks",
				);
				PRODUCT_BUNDLE_IDENTIFIER = com.murilo.PlaceFinder;
				PRODUCT_NAME = "$(TARGET_NAME)";
				SWIFT_VERSION = 4.0;
				TARGETED_DEVICE_FAMILY = "1,2";
			};
			name = Release;
		};
		62AB019720F6811600FCFC82 /* Debug */ = {
			isa = XCBuildConfiguration;
			baseConfigurationReference = 6E586855CE1517C49BCA9EF4 /* Pods-PlaceFinderTests.debug.xcconfig */;
			buildSettings = {
				ALWAYS_EMBED_SWIFT_STANDARD_LIBRARIES = YES;
				BUNDLE_LOADER = "$(TEST_HOST)";
				CODE_SIGN_STYLE = Automatic;
				DEVELOPMENT_TEAM = 423Q26AEEM;
				INFOPLIST_FILE = PlaceFinderTests/Info.plist;
				LD_RUNPATH_SEARCH_PATHS = (
					"$(inherited)",
					"@executable_path/Frameworks",
					"@loader_path/Frameworks",
				);
				PRODUCT_BUNDLE_IDENTIFIER = com.murilo.PlaceFinderTests;
				PRODUCT_NAME = "$(TARGET_NAME)";
				SWIFT_VERSION = 4.0;
				TARGETED_DEVICE_FAMILY = "1,2";
				TEST_HOST = "$(BUILT_PRODUCTS_DIR)/PlaceFinder.app/PlaceFinder";
			};
			name = Debug;
		};
		62AB019820F6811600FCFC82 /* Release */ = {
			isa = XCBuildConfiguration;
			baseConfigurationReference = 98339FAAF26257A29BD99977 /* Pods-PlaceFinderTests.release.xcconfig */;
			buildSettings = {
				ALWAYS_EMBED_SWIFT_STANDARD_LIBRARIES = YES;
				BUNDLE_LOADER = "$(TEST_HOST)";
				CODE_SIGN_STYLE = Automatic;
				DEVELOPMENT_TEAM = 423Q26AEEM;
				INFOPLIST_FILE = PlaceFinderTests/Info.plist;
				LD_RUNPATH_SEARCH_PATHS = (
					"$(inherited)",
					"@executable_path/Frameworks",
					"@loader_path/Frameworks",
				);
				PRODUCT_BUNDLE_IDENTIFIER = com.murilo.PlaceFinderTests;
				PRODUCT_NAME = "$(TARGET_NAME)";
				SWIFT_VERSION = 4.0;
				TARGETED_DEVICE_FAMILY = "1,2";
				TEST_HOST = "$(BUILT_PRODUCTS_DIR)/PlaceFinder.app/PlaceFinder";
			};
			name = Release;
		};
		62AB019A20F6811600FCFC82 /* Debug */ = {
			isa = XCBuildConfiguration;
			baseConfigurationReference = 5893D002662245BF051A3EAA /* Pods-PlaceFinderUITests.debug.xcconfig */;
			buildSettings = {
				ALWAYS_EMBED_SWIFT_STANDARD_LIBRARIES = YES;
				CODE_SIGN_STYLE = Automatic;
				DEVELOPMENT_TEAM = 423Q26AEEM;
				INFOPLIST_FILE = PlaceFinderUITests/Info.plist;
				LD_RUNPATH_SEARCH_PATHS = (
					"$(inherited)",
					"@executable_path/Frameworks",
					"@loader_path/Frameworks",
				);
				PRODUCT_BUNDLE_IDENTIFIER = com.murilo.PlaceFinderUITests;
				PRODUCT_NAME = "$(TARGET_NAME)";
				SWIFT_VERSION = 4.0;
				TARGETED_DEVICE_FAMILY = "1,2";
				TEST_TARGET_NAME = PlaceFinder;
			};
			name = Debug;
		};
		62AB019B20F6811600FCFC82 /* Release */ = {
			isa = XCBuildConfiguration;
			baseConfigurationReference = CB6FE7165F7209CE94A1556A /* Pods-PlaceFinderUITests.release.xcconfig */;
			buildSettings = {
				ALWAYS_EMBED_SWIFT_STANDARD_LIBRARIES = YES;
				CODE_SIGN_STYLE = Automatic;
				DEVELOPMENT_TEAM = 423Q26AEEM;
				INFOPLIST_FILE = PlaceFinderUITests/Info.plist;
				LD_RUNPATH_SEARCH_PATHS = (
					"$(inherited)",
					"@executable_path/Frameworks",
					"@loader_path/Frameworks",
				);
				PRODUCT_BUNDLE_IDENTIFIER = com.murilo.PlaceFinderUITests;
				PRODUCT_NAME = "$(TARGET_NAME)";
				SWIFT_VERSION = 4.0;
				TARGETED_DEVICE_FAMILY = "1,2";
				TEST_TARGET_NAME = PlaceFinder;
			};
			name = Release;
		};
/* End XCBuildConfiguration section */

/* Begin XCConfigurationList section */
		62AB016620F6811500FCFC82 /* Build configuration list for PBXProject "PlaceFinder" */ = {
			isa = XCConfigurationList;
			buildConfigurations = (
				62AB019120F6811600FCFC82 /* Debug */,
				62AB019220F6811600FCFC82 /* Release */,
			);
			defaultConfigurationIsVisible = 0;
			defaultConfigurationName = Release;
		};
		62AB019320F6811600FCFC82 /* Build configuration list for PBXNativeTarget "PlaceFinder" */ = {
			isa = XCConfigurationList;
			buildConfigurations = (
				62AB019420F6811600FCFC82 /* Debug */,
				62AB019520F6811600FCFC82 /* Release */,
			);
			defaultConfigurationIsVisible = 0;
			defaultConfigurationName = Release;
		};
		62AB019620F6811600FCFC82 /* Build configuration list for PBXNativeTarget "PlaceFinderTests" */ = {
			isa = XCConfigurationList;
			buildConfigurations = (
				62AB019720F6811600FCFC82 /* Debug */,
				62AB019820F6811600FCFC82 /* Release */,
			);
			defaultConfigurationIsVisible = 0;
			defaultConfigurationName = Release;
		};
		62AB019920F6811600FCFC82 /* Build configuration list for PBXNativeTarget "PlaceFinderUITests" */ = {
			isa = XCConfigurationList;
			buildConfigurations = (
				62AB019A20F6811600FCFC82 /* Debug */,
				62AB019B20F6811600FCFC82 /* Release */,
			);
			defaultConfigurationIsVisible = 0;
			defaultConfigurationName = Release;
		};
/* End XCConfigurationList section */
	};
	rootObject = 62AB016320F6811500FCFC82 /* Project object */;
}
